github.com/merliot/dean v0.0.0-20240117194605-79a37431f285 h1:r0nf5/aym09QK+uU6YqFoVmtX6amEjqm6Q7PCa9Yw6I=
github.com/merliot/dean v0.0.0-20240117194605-79a37431f285/go.mod h1:uoIGfhAx8rt/TB3mDZcZWvO/+ajvNitFYYHSHBqqBrE=
github.com/merliot/device v0.0.0-20240206192909-bd95e0e1c2e3 h1:MF4dGNxYVgOebnyIcbYaV04mWrRWVzlJxMDGq3N54j0=
github.com/merliot/device v0.0.0-20240206192909-bd95e0e1c2e3/go.mod h1:vPrEcw70HyTYj3yM5uzl4ZNDVoPpyIRdl6xM9kpChn0=
github.com/merliot/hp2430n v0.0.0-20240208101159-3dc74e5f04cb h1:/78Ro5UipMLESY0/eukjdnRDoAS6hzvZq0+lVf3SPM4=
github.com/merliot/hp2430n v0.0.0-20240208101159-3dc74e5f04cb/go.mod h1:dvod/DfgUGdKsQ5WXl5n3vISm0jLy+dkoAO8XbN4Y7s=
github.com/merliot/hub v0.0.0-20240209051730-11ded8647462 h1:tZV5veAwSRmoMqkt/fFppzFEW1nKae3n6qkFlvJPlI4=
github.com/merliot/hub v0.0.0-20240209051730-11ded8647462/go.mod h1:DdVYR3mDC+Qna0Bargxgo4tNZ6UhZImQWIXFIgksP7Q=
github.com/merliot/ps30m v0.0.0-20240208101122-3ebe825680ea h1:iD1qZ0rvrhD6JmqwxJgdzUUKdyDwltPOljAdB5GJuTM=
github.com/merliot/ps30m v0.0.0-20240208101122-3ebe825680ea/go.mod h1:+bjqRuF/j4SDY6CmENPHC3GOI+HzqZ6sezAe0fJY0rU=
github.com/x448/float16 v0.8.4 h1:qLwI1I70+NjRFUR3zs1JPUCgaCXSh3SW62uAKT1mSBM=
github.com/x448/float16 v0.8.4/go.mod h1:14CWIYCyZA/cWjXOioeEpHeN/83MdbZDRQHoFcYsOfg=
golang.org/x/crypto v0.18.0 h1:PGVlW0xEltQnzFZ55hkuX5+KLyrMYhHld1YHO4AKcdc=
golang.org/x/crypto v0.18.0/go.mod h1:R0j02AL6hcrfOiy9T4ZYp/rcWeMxM3L6QYxlOuEG1mg=
golang.org/x/net v0.20.0 h1:aCL9BSgETF1k+blQaYUBx9hJ9LOGP3gAVemcZlf1Kpo=
golang.org/x/net v0.20.0/go.mod h1:z8BVo6PvndSri0LbOE3hAn0apkU+1YvI6E70E9jsnvY=
golang.org/x/text v0.14.0 h1:ScX5w1eTa3QqT8oi6+ziP7dTV1S2+ALU0bI+0zXKWiQ=
golang.org/x/text v0.14.0/go.mod h1:18ZOQIKpY8NJVqYksKHtTdi31H5itFRjB5/qKTNYzSU=
