github.com/goburrow/serial v0.1.0 h1:v2T1SQa/dlUqQiYIT8+Cu7YolfqAi3K96UmhwYyuSrA=
github.com/goburrow/serial v0.1.0/go.mod h1:sAiqG0nRVswsm1C97xsttiYCzSLBmUZ/VSlVLZJ8haA=
github.com/gomarkdown/markdown v0.0.0-20230922112808-5421fefb8386 h1:EcQR3gusLHN46TAD+G+EbaaqJArt5vHhNpXAa12PQf4=
github.com/gomarkdown/markdown v0.0.0-20230922112808-5421fefb8386/go.mod h1:JDGcbDT52eL4fju3sZ4TeHGsQwhG9nbDV21aMyhwPoA=
github.com/merliot/dean v0.0.0-20231025075741-646a490ff27e h1:U2iSZKw2q1JraKfWNNGc28dcEqHIIGhQkMhcItqh8m4=
github.com/merliot/dean v0.0.0-20231025075741-646a490ff27e/go.mod h1:VUXJ/5kx5shVxBvSiZ6Rra5PwpZoJ3DUBpXQdIqtSlU=
github.com/merliot/hub v0.0.0-20231112052310-efb74656ec69 h1:a3uwgvA8gBXOYzrzButtRX0JjaJousJ7sxcB1Pkz7m8=
github.com/merliot/hub v0.0.0-20231112052310-efb74656ec69/go.mod h1:UWNzbHxuk59gpZBJ5IAPevLmMgnpwhygAJKeV/U7avo=
github.com/simonvetter/modbus v1.6.0 h1:RDHJevtc7LDIVoHAbhDun8fy+QwnGe+ZU+sLm9ZZzjc=
github.com/simonvetter/modbus v1.6.0/go.mod h1:hh90ZaTaPLcK2REj6/fpTbiV0J6S7GWmd8q+GVRObPw=
github.com/x448/float16 v0.8.4 h1:qLwI1I70+NjRFUR3zs1JPUCgaCXSh3SW62uAKT1mSBM=
github.com/x448/float16 v0.8.4/go.mod h1:14CWIYCyZA/cWjXOioeEpHeN/83MdbZDRQHoFcYsOfg=
golang.org/x/crypto v0.14.0 h1:wBqGXzWJW6m1XrIKlAH0Hs1JJ7+9KBwnIO8v66Q9cHc=
golang.org/x/crypto v0.14.0/go.mod h1:MVFd36DqK4CsrnJYDkBA3VC4m2GkXAM0PvzMCn4JQf4=
golang.org/x/net v0.17.0 h1:pVaXccu2ozPjCXewfr1S7xza/zcXTity9cCdXQYSjIM=
golang.org/x/net v0.17.0/go.mod h1:NxSsAGuq816PNPmqtQdLE42eU2Fs7NoRIZrHJAlaCOE=
golang.org/x/text v0.13.0 h1:ablQoSUd0tRdKxZewP80B+BaqeKJuVhuRxj/dkrun3k=
golang.org/x/text v0.13.0/go.mod h1:TvPlkZtksWOMsz7fbANvkp4WM8x/WCo/om8BMLbz+aE=
